
Microsoft Visual Studio Solution File, Format Version 12.00
# Visual Studio 15
Project("{FAE04EC0-301F-11D3-BF4B-00C04F79EFBC}") = "BikeLockApp.Android", "BikeLockApp.Android\BikeLockApp.Android.csproj", "{F764C459-EBC4-498F-8154-487B86AC8178}"
EndProject
Project("{FAE04EC0-301F-11D3-BF4B-00C04F79EFBC}") = "BikeLockApp.iOS", "BikeLockApp.iOS\BikeLockApp.iOS.csproj", "{CD575971-D0DF-4211-B0A4-9AE3EC119EDB}"
EndProject
Project("{FAE04EC0-301F-11D3-BF4B-00C04F79EFBC}") = "BikeLockApp", "BikeLockApp\BikeLockApp.csproj", "{D4764B44-4B73-4D74-B04D-87F610D457D4}"
EndProject
Global
	GlobalSection(SolutionConfigurationPlatforms) = preSolution
		Debug|Any CPU = Debug|Any CPU
		Release|Any CPU = Release|Any CPU
		Debug|iPhoneSimulator = Debug|iPhoneSimulator
		Release|iPhoneSimulator = Release|iPhoneSimulator
		Debug|iPhone = Debug|iPhone
		Release|iPhone = Release|iPhone
	EndGlobalSection
	GlobalSection(ProjectConfigurationPlatforms) = postSolution
		{F764C459-EBC4-498F-8154-487B86AC8178}.Debug|Any CPU.ActiveCfg = Debug|Any CPU
		{F764C459-EBC4-498F-8154-487B86AC8178}.Debug|Any CPU.Build.0 = Debug|Any CPU
		{F764C459-EBC4-498F-8154-487B86AC8178}.Release|Any CPU.ActiveCfg = Release|Any CPU
		{F764C459-EBC4-498F-8154-487B86AC8178}.Release|Any CPU.Build.0 = Release|Any CPU
		{F764C459-EBC4-498F-8154-487B86AC8178}.Debug|iPhoneSimulator.ActiveCfg = Debug|Any CPU
		{F764C459-EBC4-498F-8154-487B86AC8178}.Debug|iPhoneSimulator.Build.0 = Debug|Any CPU
		{F764C459-EBC4-498F-8154-487B86AC8178}.Release|iPhoneSimulator.ActiveCfg = Release|Any CPU
		{F764C459-EBC4-498F-8154-487B86AC8178}.Release|iPhoneSimulator.Build.0 = Release|Any CPU
		{F764C459-EBC4-498F-8154-487B86AC8178}.Debug|iPhone.ActiveCfg = Debug|Any CPU
		{F764C459-EBC4-498F-8154-487B86AC8178}.Debug|iPhone.Build.0 = Debug|Any CPU
		{F764C459-EBC4-498F-8154-487B86AC8178}.Release|iPhone.ActiveCfg = Release|Any CPU
		{F764C459-EBC4-498F-8154-487B86AC8178}.Release|iPhone.Build.0 = Release|Any CPU
		{CD575971-D0DF-4211-B0A4-9AE3EC119EDB}.Debug|Any CPU.ActiveCfg = Debug|iPhoneSimulator
		{CD575971-D0DF-4211-B0A4-9AE3EC119EDB}.Debug|Any CPU.Build.0 = Debug|iPhoneSimulator
		{CD575971-D0DF-4211-B0A4-9AE3EC119EDB}.Release|Any CPU.ActiveCfg = Release|iPhoneSimulator
		{CD575971-D0DF-4211-B0A4-9AE3EC119EDB}.Release|Any CPU.Build.0 = Release|iPhoneSimulator
		{CD575971-D0DF-4211-B0A4-9AE3EC119EDB}.Debug|iPhoneSimulator.ActiveCfg = Debug|iPhoneSimulator
		{CD575971-D0DF-4211-B0A4-9AE3EC119EDB}.Debug|iPhoneSimulator.Build.0 = Debug|iPhoneSimulator
		{CD575971-D0DF-4211-B0A4-9AE3EC119EDB}.Release|iPhoneSimulator.ActiveCfg = Release|iPhoneSimulator
		{CD575971-D0DF-4211-B0A4-9AE3EC119EDB}.Release|iPhoneSimulator.Build.0 = Release|iPhoneSimulator
		{CD575971-D0DF-4211-B0A4-9AE3EC119EDB}.Debug|iPhone.ActiveCfg = Debug|iPhone
		{CD575971-D0DF-4211-B0A4-9AE3EC119EDB}.Debug|iPhone.Build.0 = Debug|iPhone
		{CD575971-D0DF-4211-B0A4-9AE3EC119EDB}.Release|iPhone.ActiveCfg = Release|iPhone
		{CD575971-D0DF-4211-B0A4-9AE3EC119EDB}.Release|iPhone.Build.0 = Release|iPhone
		{D4764B44-4B73-4D74-B04D-87F610D457D4}.Debug|Any CPU.ActiveCfg = Debug|Any CPU
		{D4764B44-4B73-4D74-B04D-87F610D457D4}.Debug|Any CPU.Build.0 = Debug|Any CPU
		{D4764B44-4B73-4D74-B04D-87F610D457D4}.Release|Any CPU.ActiveCfg = Release|Any CPU
		{D4764B44-4B73-4D74-B04D-87F610D457D4}.Release|Any CPU.Build.0 = Release|Any CPU
		{D4764B44-4B73-4D74-B04D-87F610D457D4}.Debug|iPhoneSimulator.ActiveCfg = Debug|Any CPU
		{D4764B44-4B73-4D74-B04D-87F610D457D4}.Debug|iPhoneSimulator.Build.0 = Debug|Any CPU
		{D4764B44-4B73-4D74-B04D-87F610D457D4}.Release|iPhoneSimulator.ActiveCfg = Release|Any CPU
		{D4764B44-4B73-4D74-B04D-87F610D457D4}.Release|iPhoneSimulator.Build.0 = Release|Any CPU
		{D4764B44-4B73-4D74-B04D-87F610D457D4}.Debug|iPhone.ActiveCfg = Debug|Any CPU
		{D4764B44-4B73-4D74-B04D-87F610D457D4}.Debug|iPhone.Build.0 = Debug|Any CPU
		{D4764B44-4B73-4D74-B04D-87F610D457D4}.Release|iPhone.ActiveCfg = Release|Any CPU
		{D4764B44-4B73-4D74-B04D-87F610D457D4}.Release|iPhone.Build.0 = Release|Any CPU
	EndGlobalSection
EndGlobal
